// !$*UTF8*$!
{
	archiveVersion = 1;
	classes = {
	};
	objectVersion = 50;
	objects = {

/* Begin PBXBuildFile section */
		09058F3A21BF20D3001DE7E6 /* AppDelegate.swift in Sources */ = {isa = PBXBuildFile; fileRef = 09058F3921BF20D3001DE7E6 /* AppDelegate.swift */; };
		09058F3F21BF20D4001DE7E6 /* Main.storyboard in Resources */ = {isa = PBXBuildFile; fileRef = 09058F3D21BF20D4001DE7E6 /* Main.storyboard */; };
		09058F4121BF20D5001DE7E6 /* Assets.xcassets in Resources */ = {isa = PBXBuildFile; fileRef = 09058F4021BF20D5001DE7E6 /* Assets.xcassets */; };
		09058F4421BF20D5001DE7E6 /* LaunchScreen.storyboard in Resources */ = {isa = PBXBuildFile; fileRef = 09058F4221BF20D5001DE7E6 /* LaunchScreen.storyboard */; };
		09058F4C21BF240E001DE7E6 /* SignInViewController.swift in Sources */ = {isa = PBXBuildFile; fileRef = 09058F4B21BF240E001DE7E6 /* SignInViewController.swift */; };
		09058F4E21BF2421001DE7E6 /* RegisterViewController.swift in Sources */ = {isa = PBXBuildFile; fileRef = 09058F4D21BF2421001DE7E6 /* RegisterViewController.swift */; };
		090F3A9521C85AA200CD4D2C /* Post.swift in Sources */ = {isa = PBXBuildFile; fileRef = 090F3A9421C85AA200CD4D2C /* Post.swift */; };
		09153D3D21BF36DB00D68B86 /* DiscoverViewController.swift in Sources */ = {isa = PBXBuildFile; fileRef = 09153D3821BF36DB00D68B86 /* DiscoverViewController.swift */; };
		09153D3E21BF36DB00D68B86 /* CameraViewController.swift in Sources */ = {isa = PBXBuildFile; fileRef = 09153D3921BF36DB00D68B86 /* CameraViewController.swift */; };
		09153D4021BF36DB00D68B86 /* HomeViewController.swift in Sources */ = {isa = PBXBuildFile; fileRef = 09153D3B21BF36DB00D68B86 /* HomeViewController.swift */; };
		09153D4121BF36DB00D68B86 /* ProfileViewController.swift in Sources */ = {isa = PBXBuildFile; fileRef = 09153D3C21BF36DB00D68B86 /* ProfileViewController.swift */; };
		09153D4321BF450E00D68B86 /* GoogleService-Info.plist in Resources */ = {isa = PBXBuildFile; fileRef = 09153D4221BF450E00D68B86 /* GoogleService-Info.plist */; };
		09153D4921BF534E00D68B86 /* Model_FireBase.swift in Sources */ = {isa = PBXBuildFile; fileRef = 09153D4821BF534E00D68B86 /* Model_FireBase.swift */; };
		0958737D221DD7590065C90D /* UserPostApi.swift in Sources */ = {isa = PBXBuildFile; fileRef = 0958737C221DD7590065C90D /* UserPostApi.swift */; };
		0958737F221DE2BB0065C90D /* photo_CollectionViewCell.swift in Sources */ = {isa = PBXBuildFile; fileRef = 0958737E221DE2BB0065C90D /* photo_CollectionViewCell.swift */; };
		09587381221DF6380065C90D /* PeopleViewController.swift in Sources */ = {isa = PBXBuildFile; fileRef = 09587380221DF6380065C90D /* PeopleViewController.swift */; };
		09587383221DF6A00065C90D /* pepole_TableViewCell.swift in Sources */ = {isa = PBXBuildFile; fileRef = 09587382221DF6A00065C90D /* pepole_TableViewCell.swift */; };
		09587389222227770065C90D /* searchViewController.swift in Sources */ = {isa = PBXBuildFile; fileRef = 09587388222227770065C90D /* searchViewController.swift */; };
		09631DAC21D19C52008DA929 /* HomeTableViewCell.swift in Sources */ = {isa = PBXBuildFile; fileRef = 09631DAB21D19C52008DA929 /* HomeTableViewCell.swift */; };
		0964D06A223477AA0065AFE5 /* EditProfileTableViewController.swift in Sources */ = {isa = PBXBuildFile; fileRef = 0964D069223477AA0065AFE5 /* EditProfileTableViewController.swift */; };
		097875642218D88400CBE43B /* headerProfileCollectionReusableView.swift in Sources */ = {isa = PBXBuildFile; fileRef = 097875632218D88400CBE43B /* headerProfileCollectionReusableView.swift */; };
		09FC086A221112430064AA80 /* CommentsViewController.swift in Sources */ = {isa = PBXBuildFile; fileRef = 09FC0869221112430064AA80 /* CommentsViewController.swift */; };
		09FC086C221112810064AA80 /* commentsTableViewCell.swift in Sources */ = {isa = PBXBuildFile; fileRef = 09FC086B221112810064AA80 /* commentsTableViewCell.swift */; };
		09FC0870221241690064AA80 /* Comment.swift in Sources */ = {isa = PBXBuildFile; fileRef = 09FC086F221241680064AA80 /* Comment.swift */; };
		8416EFC62215903C0057F53D /* PostApi.swift in Sources */ = {isa = PBXBuildFile; fileRef = 8416EFC52215903C0057F53D /* PostApi.swift */; };
		8416EFC8221592EB0057F53D /* UserApi.swift in Sources */ = {isa = PBXBuildFile; fileRef = 8416EFC7221592EB0057F53D /* UserApi.swift */; };
		8416EFCB221596390057F53D /* Api.swift in Sources */ = {isa = PBXBuildFile; fileRef = 8416EFCA221596390057F53D /* Api.swift */; };
		8416EFCD2215969C0057F53D /* CommentApi.swift in Sources */ = {isa = PBXBuildFile; fileRef = 8416EFCC2215969C0057F53D /* CommentApi.swift */; };
		8416EFCF22159AA90057F53D /* Post_Comments.swift in Sources */ = {isa = PBXBuildFile; fileRef = 8416EFCE22159AA90057F53D /* Post_Comments.swift */; };
		841B7C4F2238388F00E9F4D7 /* InternetApi.swift in Sources */ = {isa = PBXBuildFile; fileRef = 841B7C4E2238388F00E9F4D7 /* InternetApi.swift */; };
		842BAC982237E8BE0021909B /* CreateLocalCache.swift in Sources */ = {isa = PBXBuildFile; fileRef = 842BAC972237E8BE0021909B /* CreateLocalCache.swift */; };
		844602CC2239C7B300F1FB24 /* Reachability.swift in Sources */ = {isa = PBXBuildFile; fileRef = 844602CB2239C7B300F1FB24 /* Reachability.swift */; };
		849B3AE421CBA14A00E7C94C /* UserTableViewController.swift in Sources */ = {isa = PBXBuildFile; fileRef = 849B3AE321CBA14A00E7C94C /* UserTableViewController.swift */; };
		849B3AE621CBAB9E00E7C94C /* UserTableViewCell.swift in Sources */ = {isa = PBXBuildFile; fileRef = 849B3AE521CBAB9E00E7C94C /* UserTableViewCell.swift */; };
		849B3AE821CBC64900E7C94C /* UserDetailsViewController.swift in Sources */ = {isa = PBXBuildFile; fileRef = 849B3AE721CBC64900E7C94C /* UserDetailsViewController.swift */; };
		849B3AEA21CBC69900E7C94C /* NewUserViewController.swift in Sources */ = {isa = PBXBuildFile; fileRef = 849B3AE921CBC69900E7C94C /* NewUserViewController.swift */; };
		84B78EE4222D60FE007B5667 /* ProfileUserViewController.swift in Sources */ = {isa = PBXBuildFile; fileRef = 84B78EE3222D60FE007B5667 /* ProfileUserViewController.swift */; };
		84B82F1621CAE3B300712E19 /* User.swift in Sources */ = {isa = PBXBuildFile; fileRef = 84B82F1521CAE3B300712E19 /* User.swift */; };
		84B82F1A21CAEAFB00712E19 /* libsqlite3.0.tbd in Frameworks */ = {isa = PBXBuildFile; fileRef = 84B82F1921CAEAFB00712E19 /* libsqlite3.0.tbd */; };
		84B82F2121CAEEE600712E19 /* ModelSql.swift in Sources */ = {isa = PBXBuildFile; fileRef = 84B82F2021CAEEE600712E19 /* ModelSql.swift */; };
		84B82F2321CB057E00712E19 /* Model.swift in Sources */ = {isa = PBXBuildFile; fileRef = 84B82F2221CB057E00712E19 /* Model.swift */; };
		E2378C040EBFD226C46EA00B /* Pods_InstagramApplication.framework in Frameworks */ = {isa = PBXBuildFile; fileRef = 06051EC3E9274BD2E566A19B /* Pods_InstagramApplication.framework */; };
/* End PBXBuildFile section */

/* Begin PBXFileReference section */
		06051EC3E9274BD2E566A19B /* Pods_InstagramApplication.framework */ = {isa = PBXFileReference; explicitFileType = wrapper.framework; includeInIndex = 0; path = Pods_InstagramApplication.framework; sourceTree = BUILT_PRODUCTS_DIR; };
		09058F3621BF20D3001DE7E6 /* InstagramApplication.app */ = {isa = PBXFileReference; explicitFileType = wrapper.application; includeInIndex = 0; path = InstagramApplication.app; sourceTree = BUILT_PRODUCTS_DIR; };
		09058F3921BF20D3001DE7E6 /* AppDelegate.swift */ = {isa = PBXFileReference; lastKnownFileType = sourcecode.swift; path = AppDelegate.swift; sourceTree = "<group>"; };
		09058F3E21BF20D4001DE7E6 /* Base */ = {isa = PBXFileReference; lastKnownFileType = file.storyboard; name = Base; path = Base.lproj/Main.storyboard; sourceTree = "<group>"; };
		09058F4021BF20D5001DE7E6 /* Assets.xcassets */ = {isa = PBXFileReference; lastKnownFileType = folder.assetcatalog; path = Assets.xcassets; sourceTree = "<group>"; };
		09058F4321BF20D5001DE7E6 /* Base */ = {isa = PBXFileReference; lastKnownFileType = file.storyboard; name = Base; path = Base.lproj/LaunchScreen.storyboard; sourceTree = "<group>"; };
		09058F4521BF20D5001DE7E6 /* Info.plist */ = {isa = PBXFileReference; lastKnownFileType = text.plist.xml; path = Info.plist; sourceTree = "<group>"; };
		09058F4B21BF240E001DE7E6 /* SignInViewController.swift */ = {isa = PBXFileReference; lastKnownFileType = sourcecode.swift; path = SignInViewController.swift; sourceTree = "<group>"; };
		09058F4D21BF2421001DE7E6 /* RegisterViewController.swift */ = {isa = PBXFileReference; lastKnownFileType = sourcecode.swift; path = RegisterViewController.swift; sourceTree = "<group>"; };
		090F3A9421C85AA200CD4D2C /* Post.swift */ = {isa = PBXFileReference; lastKnownFileType = sourcecode.swift; path = Post.swift; sourceTree = "<group>"; };
		09153D3821BF36DB00D68B86 /* DiscoverViewController.swift */ = {isa = PBXFileReference; fileEncoding = 4; lastKnownFileType = sourcecode.swift; path = DiscoverViewController.swift; sourceTree = "<group>"; };
		09153D3921BF36DB00D68B86 /* CameraViewController.swift */ = {isa = PBXFileReference; fileEncoding = 4; lastKnownFileType = sourcecode.swift; path = CameraViewController.swift; sourceTree = "<group>"; };
		09153D3B21BF36DB00D68B86 /* HomeViewController.swift */ = {isa = PBXFileReference; fileEncoding = 4; lastKnownFileType = sourcecode.swift; path = HomeViewController.swift; sourceTree = "<group>"; };
		09153D3C21BF36DB00D68B86 /* ProfileViewController.swift */ = {isa = PBXFileReference; fileEncoding = 4; lastKnownFileType = sourcecode.swift; path = ProfileViewController.swift; sourceTree = "<group>"; };
		09153D4221BF450E00D68B86 /* GoogleService-Info.plist */ = {isa = PBXFileReference; fileEncoding = 4; lastKnownFileType = text.plist.xml; path = "GoogleService-Info.plist"; sourceTree = "<group>"; };
		09153D4821BF534E00D68B86 /* Model_FireBase.swift */ = {isa = PBXFileReference; lastKnownFileType = sourcecode.swift; path = Model_FireBase.swift; sourceTree = "<group>"; };
		0958737C221DD7590065C90D /* UserPostApi.swift */ = {isa = PBXFileReference; lastKnownFileType = sourcecode.swift; path = UserPostApi.swift; sourceTree = "<group>"; };
		0958737E221DE2BB0065C90D /* photo_CollectionViewCell.swift */ = {isa = PBXFileReference; lastKnownFileType = sourcecode.swift; path = photo_CollectionViewCell.swift; sourceTree = "<group>"; };
		09587380221DF6380065C90D /* PeopleViewController.swift */ = {isa = PBXFileReference; lastKnownFileType = sourcecode.swift; path = PeopleViewController.swift; sourceTree = "<group>"; };
		09587382221DF6A00065C90D /* pepole_TableViewCell.swift */ = {isa = PBXFileReference; lastKnownFileType = sourcecode.swift; path = pepole_TableViewCell.swift; sourceTree = "<group>"; };
		09587388222227770065C90D /* searchViewController.swift */ = {isa = PBXFileReference; lastKnownFileType = sourcecode.swift; path = searchViewController.swift; sourceTree = "<group>"; };
		09631DAB21D19C52008DA929 /* HomeTableViewCell.swift */ = {isa = PBXFileReference; lastKnownFileType = sourcecode.swift; path = HomeTableViewCell.swift; sourceTree = "<group>"; };
		0964D069223477AA0065AFE5 /* EditProfileTableViewController.swift */ = {isa = PBXFileReference; lastKnownFileType = sourcecode.swift; path = EditProfileTableViewController.swift; sourceTree = "<group>"; };
		097875632218D88400CBE43B /* headerProfileCollectionReusableView.swift */ = {isa = PBXFileReference; lastKnownFileType = sourcecode.swift; path = headerProfileCollectionReusableView.swift; sourceTree = "<group>"; };
		09FC0869221112430064AA80 /* CommentsViewController.swift */ = {isa = PBXFileReference; lastKnownFileType = sourcecode.swift; path = CommentsViewController.swift; sourceTree = "<group>"; };
		09FC086B221112810064AA80 /* commentsTableViewCell.swift */ = {isa = PBXFileReference; lastKnownFileType = sourcecode.swift; path = commentsTableViewCell.swift; sourceTree = "<group>"; };
		09FC086F221241680064AA80 /* Comment.swift */ = {isa = PBXFileReference; lastKnownFileType = sourcecode.swift; path = Comment.swift; sourceTree = "<group>"; };
		52363D6E742BFA0D295E3535 /* Pods-InstagramApplication.release.xcconfig */ = {isa = PBXFileReference; includeInIndex = 1; lastKnownFileType = text.xcconfig; name = "Pods-InstagramApplication.release.xcconfig"; path = "Pods/Target Support Files/Pods-InstagramApplication/Pods-InstagramApplication.release.xcconfig"; sourceTree = "<group>"; };
		8416EFC52215903C0057F53D /* PostApi.swift */ = {isa = PBXFileReference; lastKnownFileType = sourcecode.swift; path = PostApi.swift; sourceTree = "<group>"; };
		8416EFC7221592EB0057F53D /* UserApi.swift */ = {isa = PBXFileReference; lastKnownFileType = sourcecode.swift; path = UserApi.swift; sourceTree = "<group>"; };
		8416EFCA221596390057F53D /* Api.swift */ = {isa = PBXFileReference; lastKnownFileType = sourcecode.swift; path = Api.swift; sourceTree = "<group>"; };
		8416EFCC2215969C0057F53D /* CommentApi.swift */ = {isa = PBXFileReference; lastKnownFileType = sourcecode.swift; path = CommentApi.swift; sourceTree = "<group>"; };
		8416EFCE22159AA90057F53D /* Post_Comments.swift */ = {isa = PBXFileReference; lastKnownFileType = sourcecode.swift; path = Post_Comments.swift; sourceTree = "<group>"; };
		841B7C4E2238388F00E9F4D7 /* InternetApi.swift */ = {isa = PBXFileReference; lastKnownFileType = sourcecode.swift; path = InternetApi.swift; sourceTree = "<group>"; };
		842BAC972237E8BE0021909B /* CreateLocalCache.swift */ = {isa = PBXFileReference; lastKnownFileType = sourcecode.swift; path = CreateLocalCache.swift; sourceTree = "<group>"; };
		844602CB2239C7B300F1FB24 /* Reachability.swift */ = {isa = PBXFileReference; lastKnownFileType = sourcecode.swift; path = Reachability.swift; sourceTree = "<group>"; };
		849B3AE321CBA14A00E7C94C /* UserTableViewController.swift */ = {isa = PBXFileReference; lastKnownFileType = sourcecode.swift; path = UserTableViewController.swift; sourceTree = "<group>"; };
		849B3AE521CBAB9E00E7C94C /* UserTableViewCell.swift */ = {isa = PBXFileReference; lastKnownFileType = sourcecode.swift; path = UserTableViewCell.swift; sourceTree = "<group>"; };
		849B3AE721CBC64900E7C94C /* UserDetailsViewController.swift */ = {isa = PBXFileReference; lastKnownFileType = sourcecode.swift; path = UserDetailsViewController.swift; sourceTree = "<group>"; };
		849B3AE921CBC69900E7C94C /* NewUserViewController.swift */ = {isa = PBXFileReference; lastKnownFileType = sourcecode.swift; path = NewUserViewController.swift; sourceTree = "<group>"; };
		84B78EE3222D60FE007B5667 /* ProfileUserViewController.swift */ = {isa = PBXFileReference; lastKnownFileType = sourcecode.swift; path = ProfileUserViewController.swift; sourceTree = "<group>"; };
		84B82F1521CAE3B300712E19 /* User.swift */ = {isa = PBXFileReference; lastKnownFileType = sourcecode.swift; path = User.swift; sourceTree = "<group>"; };
		84B82F1921CAEAFB00712E19 /* libsqlite3.0.tbd */ = {isa = PBXFileReference; lastKnownFileType = "sourcecode.text-based-dylib-definition"; name = libsqlite3.0.tbd; path = usr/lib/libsqlite3.0.tbd; sourceTree = SDKROOT; };
		84B82F1B21CAEC7000712E19 /* InstagramApplication-Bridging-Header.h */ = {isa = PBXFileReference; lastKnownFileType = sourcecode.c.h; path = "InstagramApplication-Bridging-Header.h"; sourceTree = "<group>"; };
		84B82F1F21CAECBC00712E19 /* InstagramApplication-Bridging-H eader.h */ = {isa = PBXFileReference; lastKnownFileType = sourcecode.c.h; path = "InstagramApplication-Bridging-H eader.h"; sourceTree = "<group>"; };
		84B82F2021CAEEE600712E19 /* ModelSql.swift */ = {isa = PBXFileReference; lastKnownFileType = sourcecode.swift; path = ModelSql.swift; sourceTree = "<group>"; };
		84B82F2221CB057E00712E19 /* Model.swift */ = {isa = PBXFileReference; lastKnownFileType = sourcecode.swift; path = Model.swift; sourceTree = "<group>"; };
		BCF75551FCC64517580C4228 /* Pods-InstagramApplication.debug.xcconfig */ = {isa = PBXFileReference; includeInIndex = 1; lastKnownFileType = text.xcconfig; name = "Pods-InstagramApplication.debug.xcconfig"; path = "Pods/Target Support Files/Pods-InstagramApplication/Pods-InstagramApplication.debug.xcconfig"; sourceTree = "<group>"; };
/* End PBXFileReference section */

/* Begin PBXFrameworksBuildPhase section */
		09058F3321BF20D3001DE7E6 /* Frameworks */ = {
			isa = PBXFrameworksBuildPhase;
			buildActionMask = 2147483647;
			files = (
				84B82F1A21CAEAFB00712E19 /* libsqlite3.0.tbd in Frameworks */,
				E2378C040EBFD226C46EA00B /* Pods_InstagramApplication.framework in Frameworks */,
			);
			runOnlyForDeploymentPostprocessing = 0;
		};
/* End PBXFrameworksBuildPhase section */

/* Begin PBXGroup section */
		09058F2D21BF20D3001DE7E6 = {
			isa = PBXGroup;
			children = (
				8416EFC9221593440057F53D /* Api */,
				09153D4721BF531900D68B86 /* Model */,
				09153D4521BF51AB00D68B86 /* ViewControllers */,
				09631DAA21D19C07008DA929 /* view */,
				09058F3821BF20D3001DE7E6 /* InstagramApplication */,
				09058F3721BF20D3001DE7E6 /* Products */,
				52D303A014DDB341DB37068F /* Pods */,
				3AC551A4C38D76A5F47DEB39 /* Frameworks */,
			);
			sourceTree = "<group>";
		};
		09058F3721BF20D3001DE7E6 /* Products */ = {
			isa = PBXGroup;
			children = (
				09058F3621BF20D3001DE7E6 /* InstagramApplication.app */,
			);
			name = Products;
			sourceTree = "<group>";
		};
		09058F3821BF20D3001DE7E6 /* InstagramApplication */ = {
			isa = PBXGroup;
			children = (
				09058F4021BF20D5001DE7E6 /* Assets.xcassets */,
				09153D4221BF450E00D68B86 /* GoogleService-Info.plist */,
				09058F4221BF20D5001DE7E6 /* LaunchScreen.storyboard */,
				09058F4521BF20D5001DE7E6 /* Info.plist */,
			);
			path = InstagramApplication;
			sourceTree = "<group>";
		};
		09153D4521BF51AB00D68B86 /* ViewControllers */ = {
			isa = PBXGroup;
			children = (
				09058F3D21BF20D4001DE7E6 /* Main.storyboard */,
				09153D3C21BF36DB00D68B86 /* ProfileViewController.swift */,
				09058F4B21BF240E001DE7E6 /* SignInViewController.swift */,
				09058F4D21BF2421001DE7E6 /* RegisterViewController.swift */,
				09153D3921BF36DB00D68B86 /* CameraViewController.swift */,
				09FC0869221112430064AA80 /* CommentsViewController.swift */,
				849B3AE721CBC64900E7C94C /* UserDetailsViewController.swift */,
				09153D3821BF36DB00D68B86 /* DiscoverViewController.swift */,
				09153D3B21BF36DB00D68B86 /* HomeViewController.swift */,
				09058F3921BF20D3001DE7E6 /* AppDelegate.swift */,
				849B3AE321CBA14A00E7C94C /* UserTableViewController.swift */,
				849B3AE921CBC69900E7C94C /* NewUserViewController.swift */,
				09587380221DF6380065C90D /* PeopleViewController.swift */,
				09587388222227770065C90D /* searchViewController.swift */,
				84B78EE3222D60FE007B5667 /* ProfileUserViewController.swift */,
				0964D069223477AA0065AFE5 /* EditProfileTableViewController.swift */,
			);
			path = ViewControllers;
			sourceTree = "<group>";
		};
		09153D4721BF531900D68B86 /* Model */ = {
			isa = PBXGroup;
			children = (
				09FC086F221241680064AA80 /* Comment.swift */,
				09153D4821BF534E00D68B86 /* Model_FireBase.swift */,
				090F3A9421C85AA200CD4D2C /* Post.swift */,
				84B82F1521CAE3B300712E19 /* User.swift */,
				84B82F1B21CAEC7000712E19 /* InstagramApplication-Bridging-Header.h */,
				84B82F1F21CAECBC00712E19 /* InstagramApplication-Bridging-H eader.h */,
				84B82F2021CAEEE600712E19 /* ModelSql.swift */,
				84B82F2221CB057E00712E19 /* Model.swift */,
				849B3AE521CBAB9E00E7C94C /* UserTableViewCell.swift */,
				842BAC972237E8BE0021909B /* CreateLocalCache.swift */,
				844602CB2239C7B300F1FB24 /* Reachability.swift */,
			);
			path = Model;
			sourceTree = "<group>";
		};
		09631DAA21D19C07008DA929 /* view */ = {
			isa = PBXGroup;
			children = (
				0958737E221DE2BB0065C90D /* photo_CollectionViewCell.swift */,
				097875632218D88400CBE43B /* headerProfileCollectionReusableView.swift */,
				09FC086B221112810064AA80 /* commentsTableViewCell.swift */,
				09631DAB21D19C52008DA929 /* HomeTableViewCell.swift */,
				09587382221DF6A00065C90D /* pepole_TableViewCell.swift */,
			);
			path = view;
			sourceTree = "<group>";
		};
		3AC551A4C38D76A5F47DEB39 /* Frameworks */ = {
			isa = PBXGroup;
			children = (
				84B82F1921CAEAFB00712E19 /* libsqlite3.0.tbd */,
				06051EC3E9274BD2E566A19B /* Pods_InstagramApplication.framework */,
			);
			name = Frameworks;
			sourceTree = "<group>";
		};
		52D303A014DDB341DB37068F /* Pods */ = {
			isa = PBXGroup;
			children = (
				BCF75551FCC64517580C4228 /* Pods-InstagramApplication.debug.xcconfig */,
				52363D6E742BFA0D295E3535 /* Pods-InstagramApplication.release.xcconfig */,
			);
			name = Pods;
			sourceTree = "<group>";
		};
		8416EFC9221593440057F53D /* Api */ = {
			isa = PBXGroup;
			children = (
				8416EFC7221592EB0057F53D /* UserApi.swift */,
				8416EFC52215903C0057F53D /* PostApi.swift */,
				8416EFCA221596390057F53D /* Api.swift */,
				8416EFCC2215969C0057F53D /* CommentApi.swift */,
				8416EFCE22159AA90057F53D /* Post_Comments.swift */,
				0958737C221DD7590065C90D /* UserPostApi.swift */,
				841B7C4E2238388F00E9F4D7 /* InternetApi.swift */,
			);
			path = Api;
			sourceTree = "<group>";
		};
/* End PBXGroup section */

/* Begin PBXNativeTarget section */
		09058F3521BF20D3001DE7E6 /* InstagramApplication */ = {
			isa = PBXNativeTarget;
			buildConfigurationList = 09058F4821BF20D5001DE7E6 /* Build configuration list for PBXNativeTarget "InstagramApplication" */;
			buildPhases = (
				D29A93FEBE30EC89E247C2C1 /* [CP] Check Pods Manifest.lock */,
				09058F3221BF20D3001DE7E6 /* Sources */,
				09058F3321BF20D3001DE7E6 /* Frameworks */,
				09058F3421BF20D3001DE7E6 /* Resources */,
				298347B7CAF501CB7925198D /* [CP] Embed Pods Frameworks */,
			);
			buildRules = (
			);
			dependencies = (
			);
			name = InstagramApplication;
			productName = InstagramApplication;
			productReference = 09058F3621BF20D3001DE7E6 /* InstagramApplication.app */;
			productType = "com.apple.product-type.application";
		};
/* End PBXNativeTarget section */

/* Begin PBXProject section */
		09058F2E21BF20D3001DE7E6 /* Project object */ = {
			isa = PBXProject;
			attributes = {
				LastSwiftUpdateCheck = 1010;
				LastUpgradeCheck = 1010;
				ORGANIZATIONNAME = SHLOMI;
				TargetAttributes = {
					09058F3521BF20D3001DE7E6 = {
						CreatedOnToolsVersion = 10.1;
						LastSwiftMigration = 1010;
					};
				};
			};
			buildConfigurationList = 09058F3121BF20D3001DE7E6 /* Build configuration list for PBXProject "InstagramApplication" */;
			compatibilityVersion = "Xcode 9.3";
			developmentRegion = en;
			hasScannedForEncodings = 0;
			knownRegions = (
				en,
				Base,
			);
			mainGroup = 09058F2D21BF20D3001DE7E6;
			productRefGroup = 09058F3721BF20D3001DE7E6 /* Products */;
			projectDirPath = "";
			projectRoot = "";
			targets = (
				09058F3521BF20D3001DE7E6 /* InstagramApplication */,
			);
		};
/* End PBXProject section */

/* Begin PBXResourcesBuildPhase section */
		09058F3421BF20D3001DE7E6 /* Resources */ = {
			isa = PBXResourcesBuildPhase;
			buildActionMask = 2147483647;
			files = (
				09058F4421BF20D5001DE7E6 /* LaunchScreen.storyboard in Resources */,
				09153D4321BF450E00D68B86 /* GoogleService-Info.plist in Resources */,
				09058F4121BF20D5001DE7E6 /* Assets.xcassets in Resources */,
				09058F3F21BF20D4001DE7E6 /* Main.storyboard in Resources */,
			);
			runOnlyForDeploymentPostprocessing = 0;
		};
/* End PBXResourcesBuildPhase section */

/* Begin PBXShellScriptBuildPhase section */
		298347B7CAF501CB7925198D /* [CP] Embed Pods Frameworks */ = {
			isa = PBXShellScriptBuildPhase;
			buildActionMask = 2147483647;
			files = (
			);
			inputFileListPaths = (
			);
			inputPaths = (
				"${SRCROOT}/Pods/Target Support Files/Pods-InstagramApplication/Pods-InstagramApplication-frameworks.sh",
				"${BUILT_PRODUCTS_DIR}/ChameleonFramework/ChameleonFramework.framework",
				"${BUILT_PRODUCTS_DIR}/GTMSessionFetcher/GTMSessionFetcher.framework",
				"${BUILT_PRODUCTS_DIR}/GoogleUtilities/GoogleUtilities.framework",
				"${BUILT_PRODUCTS_DIR}/SDWebImage/SDWebImage.framework",
				"${BUILT_PRODUCTS_DIR}/SVProgressHUD/SVProgressHUD.framework",
				"${BUILT_PRODUCTS_DIR}/leveldb-library/leveldb.framework",
				"${BUILT_PRODUCTS_DIR}/nanopb/nanopb.framework",
			);
			name = "[CP] Embed Pods Frameworks";
			outputFileListPaths = (
			);
			outputPaths = (
				"${TARGET_BUILD_DIR}/${FRAMEWORKS_FOLDER_PATH}/ChameleonFramework.framework",
				"${TARGET_BUILD_DIR}/${FRAMEWORKS_FOLDER_PATH}/GTMSessionFetcher.framework",
				"${TARGET_BUILD_DIR}/${FRAMEWORKS_FOLDER_PATH}/GoogleUtilities.framework",
				"${TARGET_BUILD_DIR}/${FRAMEWORKS_FOLDER_PATH}/SDWebImage.framework",
				"${TARGET_BUILD_DIR}/${FRAMEWORKS_FOLDER_PATH}/SVProgressHUD.framework",
				"${TARGET_BUILD_DIR}/${FRAMEWORKS_FOLDER_PATH}/leveldb.framework",
				"${TARGET_BUILD_DIR}/${FRAMEWORKS_FOLDER_PATH}/nanopb.framework",
			);
			runOnlyForDeploymentPostprocessing = 0;
			shellPath = /bin/sh;
			shellScript = "\"${SRCROOT}/Pods/Target Support Files/Pods-InstagramApplication/Pods-InstagramApplication-frameworks.sh\"\n";
			showEnvVarsInLog = 0;
		};
		D29A93FEBE30EC89E247C2C1 /* [CP] Check Pods Manifest.lock */ = {
			isa = PBXShellScriptBuildPhase;
			buildActionMask = 2147483647;
			files = (
			);
			inputFileListPaths = (
			);
			inputPaths = (
				"${PODS_PODFILE_DIR_PATH}/Podfile.lock",
				"${PODS_ROOT}/Manifest.lock",
			);
			name = "[CP] Check Pods Manifest.lock";
			outputFileListPaths = (
			);
			outputPaths = (
				"$(DERIVED_FILE_DIR)/Pods-InstagramApplication-checkManifestLockResult.txt",
			);
			runOnlyForDeploymentPostprocessing = 0;
			shellPath = /bin/sh;
			shellScript = "diff \"${PODS_PODFILE_DIR_PATH}/Podfile.lock\" \"${PODS_ROOT}/Manifest.lock\" > /dev/null\nif [ $? != 0 ] ; then\n    # print error to STDERR\n    echo \"error: The sandbox is not in sync with the Podfile.lock. Run 'pod install' or update your CocoaPods installation.\" >&2\n    exit 1\nfi\n# This output is used by Xcode 'outputs' to avoid re-running this script phase.\necho \"SUCCESS\" > \"${SCRIPT_OUTPUT_FILE_0}\"\n";
			showEnvVarsInLog = 0;
		};
/* End PBXShellScriptBuildPhase section */

/* Begin PBXSourcesBuildPhase section */
		09058F3221BF20D3001DE7E6 /* Sources */ = {
			isa = PBXSourcesBuildPhase;
			buildActionMask = 2147483647;
			files = (
				842BAC982237E8BE0021909B /* CreateLocalCache.swift in Sources */,
				84B82F2321CB057E00712E19 /* Model.swift in Sources */,
				09058F3A21BF20D3001DE7E6 /* AppDelegate.swift in Sources */,
				841B7C4F2238388F00E9F4D7 /* InternetApi.swift in Sources */,
				0958737D221DD7590065C90D /* UserPostApi.swift in Sources */,
				84B82F2121CAEEE600712E19 /* ModelSql.swift in Sources */,
				097875642218D88400CBE43B /* headerProfileCollectionReusableView.swift in Sources */,
				09FC086C221112810064AA80 /* commentsTableViewCell.swift in Sources */,
				0958737F221DE2BB0065C90D /* photo_CollectionViewCell.swift in Sources */,
				84B78EE4222D60FE007B5667 /* ProfileUserViewController.swift in Sources */,
				849B3AE621CBAB9E00E7C94C /* UserTableViewCell.swift in Sources */,
				09153D3E21BF36DB00D68B86 /* CameraViewController.swift in Sources */,
				8416EFCF22159AA90057F53D /* Post_Comments.swift in Sources */,
				09631DAC21D19C52008DA929 /* HomeTableViewCell.swift in Sources */,
				844602CC2239C7B300F1FB24 /* Reachability.swift in Sources */,
				09153D3D21BF36DB00D68B86 /* DiscoverViewController.swift in Sources */,
				8416EFC8221592EB0057F53D /* UserApi.swift in Sources */,
				09FC0870221241690064AA80 /* Comment.swift in Sources */,
				09FC086A221112430064AA80 /* CommentsViewController.swift in Sources */,
				09153D4921BF534E00D68B86 /* Model_FireBase.swift in Sources */,
				8416EFCB221596390057F53D /* Api.swift in Sources */,
				09058F4C21BF240E001DE7E6 /* SignInViewController.swift in Sources */,
				09587389222227770065C90D /* searchViewController.swift in Sources */,
				09153D4021BF36DB00D68B86 /* HomeViewController.swift in Sources */,
				849B3AE821CBC64900E7C94C /* UserDetailsViewController.swift in Sources */,
				849B3AE421CBA14A00E7C94C /* UserTableViewController.swift in Sources */,
				09153D4121BF36DB00D68B86 /* ProfileViewController.swift in Sources */,
				09058F4E21BF2421001DE7E6 /* RegisterViewController.swift in Sources */,
				090F3A9521C85AA200CD4D2C /* Post.swift in Sources */,
				09587381221DF6380065C90D /* PeopleViewController.swift in Sources */,
				0964D06A223477AA0065AFE5 /* EditProfileTableViewController.swift in Sources */,
				849B3AEA21CBC69900E7C94C /* NewUserViewController.swift in Sources */,
				09587383221DF6A00065C90D /* pepole_TableViewCell.swift in Sources */,
				8416EFCD2215969C0057F53D /* CommentApi.swift in Sources */,
				84B82F1621CAE3B300712E19 /* User.swift in Sources */,
				8416EFC62215903C0057F53D /* PostApi.swift in Sources */,
			);
			runOnlyForDeploymentPostprocessing = 0;
		};
/* End PBXSourcesBuildPhase section */

/* Begin PBXVariantGroup section */
		09058F3D21BF20D4001DE7E6 /* Main.storyboard */ = {
			isa = PBXVariantGroup;
			children = (
				09058F3E21BF20D4001DE7E6 /* Base */,
			);
			name = Main.storyboard;
			sourceTree = "<group>";
		};
		09058F4221BF20D5001DE7E6 /* LaunchScreen.storyboard */ = {
			isa = PBXVariantGroup;
			children = (
				09058F4321BF20D5001DE7E6 /* Base */,
			);
			name = LaunchScreen.storyboard;
			sourceTree = "<group>";
		};
/* End PBXVariantGroup section */

/* Begin XCBuildConfiguration section */
		09058F4621BF20D5001DE7E6 /* Debug */ = {
			isa = XCBuildConfiguration;
			buildSettings = {
				ALWAYS_SEARCH_USER_PATHS = NO;
				CLANG_ANALYZER_NONNULL = YES;
				CLANG_ANALYZER_NUMBER_OBJECT_CONVERSION = YES_AGGRESSIVE;
				CLANG_CXX_LANGUAGE_STANDARD = "gnu++14";
				CLANG_CXX_LIBRARY = "libc++";
				CLANG_ENABLE_MODULES = YES;
				CLANG_ENABLE_OBJC_ARC = YES;
				CLANG_ENABLE_OBJC_WEAK = YES;
				CLANG_WARN_BLOCK_CAPTURE_AUTORELEASING = YES;
				CLANG_WARN_BOOL_CONVERSION = YES;
				CLANG_WARN_COMMA = YES;
				CLANG_WARN_CONSTANT_CONVERSION = YES;
				CLANG_WARN_DEPRECATED_OBJC_IMPLEMENTATIONS = YES;
				CLANG_WARN_DIRECT_OBJC_ISA_USAGE = YES_ERROR;
				CLANG_WARN_DOCUMENTATION_COMMENTS = YES;
				CLANG_WARN_EMPTY_BODY = YES;
				CLANG_WARN_ENUM_CONVERSION = YES;
				CLANG_WARN_INFINITE_RECURSION = YES;
				CLANG_WARN_INT_CONVERSION = YES;
				CLANG_WARN_NON_LITERAL_NULL_CONVERSION = YES;
				CLANG_WARN_OBJC_IMPLICIT_RETAIN_SELF = YES;
				CLANG_WARN_OBJC_LITERAL_CONVERSION = YES;
				CLANG_WARN_OBJC_ROOT_CLASS = YES_ERROR;
				CLANG_WARN_RANGE_LOOP_ANALYSIS = YES;
				CLANG_WARN_STRICT_PROTOTYPES = YES;
				CLANG_WARN_SUSPICIOUS_MOVE = YES;
				CLANG_WARN_UNGUARDED_AVAILABILITY = YES_AGGRESSIVE;
				CLANG_WARN_UNREACHABLE_CODE = YES;
				CLANG_WARN__DUPLICATE_METHOD_MATCH = YES;
				CODE_SIGN_IDENTITY = "iPhone Developer";
				COPY_PHASE_STRIP = NO;
				DEBUG_INFORMATION_FORMAT = dwarf;
				ENABLE_STRICT_OBJC_MSGSEND = YES;
				ENABLE_TESTABILITY = YES;
				GCC_C_LANGUAGE_STANDARD = gnu11;
				GCC_DYNAMIC_NO_PIC = NO;
				GCC_NO_COMMON_BLOCKS = YES;
				GCC_OPTIMIZATION_LEVEL = 0;
				GCC_PREPROCESSOR_DEFINITIONS = (
					"DEBUG=1",
					"$(inherited)",
				);
				GCC_WARN_64_TO_32_BIT_CONVERSION = YES;
				GCC_WARN_ABOUT_RETURN_TYPE = YES_ERROR;
				GCC_WARN_UNDECLARED_SELECTOR = YES;
				GCC_WARN_UNINITIALIZED_AUTOS = YES_AGGRESSIVE;
				GCC_WARN_UNUSED_FUNCTION = YES;
				GCC_WARN_UNUSED_VARIABLE = YES;
				IPHONEOS_DEPLOYMENT_TARGET = 12.1;
				MTL_ENABLE_DEBUG_INFO = INCLUDE_SOURCE;
				MTL_FAST_MATH = YES;
				ONLY_ACTIVE_ARCH = YES;
				SDKROOT = iphoneos;
				SWIFT_ACTIVE_COMPILATION_CONDITIONS = DEBUG;
				SWIFT_OPTIMIZATION_LEVEL = "-Onone";
			};
			name = Debug;
		};
		09058F4721BF20D5001DE7E6 /* Release */ = {
			isa = XCBuildConfiguration;
			buildSettings = {
				ALWAYS_SEARCH_USER_PATHS = NO;
				CLANG_ANALYZER_NONNULL = YES;
				CLANG_ANALYZER_NUMBER_OBJECT_CONVERSION = YES_AGGRESSIVE;
				CLANG_CXX_LANGUAGE_STANDARD = "gnu++14";
				CLANG_CXX_LIBRARY = "libc++";
				CLANG_ENABLE_MODULES = YES;
				CLANG_ENABLE_OBJC_ARC = YES;
				CLANG_ENABLE_OBJC_WEAK = YES;
				CLANG_WARN_BLOCK_CAPTURE_AUTORELEASING = YES;
				CLANG_WARN_BOOL_CONVERSION = YES;
				CLANG_WARN_COMMA = YES;
				CLANG_WARN_CONSTANT_CONVERSION = YES;
				CLANG_WARN_DEPRECATED_OBJC_IMPLEMENTATIONS = YES;
				CLANG_WARN_DIRECT_OBJC_ISA_USAGE = YES_ERROR;
				CLANG_WARN_DOCUMENTATION_COMMENTS = YES;
				CLANG_WARN_EMPTY_BODY = YES;
				CLANG_WARN_ENUM_CONVERSION = YES;
				CLANG_WARN_INFINITE_RECURSION = YES;
				CLANG_WARN_INT_CONVERSION = YES;
				CLANG_WARN_NON_LITERAL_NULL_CONVERSION = YES;
				CLANG_WARN_OBJC_IMPLICIT_RETAIN_SELF = YES;
				CLANG_WARN_OBJC_LITERAL_CONVERSION = YES;
				CLANG_WARN_OBJC_ROOT_CLASS = YES_ERROR;
				CLANG_WARN_RANGE_LOOP_ANALYSIS = YES;
				CLANG_WARN_STRICT_PROTOTYPES = YES;
				CLANG_WARN_SUSPICIOUS_MOVE = YES;
				CLANG_WARN_UNGUARDED_AVAILABILITY = YES_AGGRESSIVE;
				CLANG_WARN_UNREACHABLE_CODE = YES;
				CLANG_WARN__DUPLICATE_METHOD_MATCH = YES;
				CODE_SIGN_IDENTITY = "iPhone Developer";
				COPY_PHASE_STRIP = NO;
				DEBUG_INFORMATION_FORMAT = "dwarf-with-dsym";
				ENABLE_NS_ASSERTIONS = NO;
				ENABLE_STRICT_OBJC_MSGSEND = YES;
				GCC_C_LANGUAGE_STANDARD = gnu11;
				GCC_NO_COMMON_BLOCKS = YES;
				GCC_WARN_64_TO_32_BIT_CONVERSION = YES;
				GCC_WARN_ABOUT_RETURN_TYPE = YES_ERROR;
				GCC_WARN_UNDECLARED_SELECTOR = YES;
				GCC_WARN_UNINITIALIZED_AUTOS = YES_AGGRESSIVE;
				GCC_WARN_UNUSED_FUNCTION = YES;
				GCC_WARN_UNUSED_VARIABLE = YES;
				IPHONEOS_DEPLOYMENT_TARGET = 12.1;
				MTL_ENABLE_DEBUG_INFO = NO;
				MTL_FAST_MATH = YES;
				SDKROOT = iphoneos;
				SWIFT_COMPILATION_MODE = wholemodule;
				SWIFT_OPTIMIZATION_LEVEL = "-O";
				VALIDATE_PRODUCT = YES;
			};
			name = Release;
		};
		09058F4921BF20D5001DE7E6 /* Debug */ = {
			isa = XCBuildConfiguration;
			baseConfigurationReference = BCF75551FCC64517580C4228 /* Pods-InstagramApplication.debug.xcconfig */;
			buildSettings = {
				ASSETCATALOG_COMPILER_APPICON_NAME = AppIcon;
				CLANG_ENABLE_MODULES = YES;
				CODE_SIGN_STYLE = Automatic;
				DEVELOPMENT_TEAM = C5386B85X9;
				INFOPLIST_FILE = InstagramApplication/Info.plist;
				IPHONEOS_DEPLOYMENT_TARGET = 11.4;
				LD_RUNPATH_SEARCH_PATHS = (
					"$(inherited)",
					"@executable_path/Frameworks",
				);
				NEW_SETTING = "";
				PRODUCT_BUNDLE_IDENTIFIER = app.InstagramApplication;
				PRODUCT_NAME = "$(TARGET_NAME)";
				SWIFT_ENA = NO;
				SWIFT_ENABLE_BATCH_MODE = NO;
				SWIFT_OBJC_BRIDGING_HEADER = "Model/InstagramApplication-Bridging-Header.h";
				SWIFT_OPTIMIZATION_LEVEL = "-Onone";
				SWIFT_VERSION = 4.2;
				TARGETED_DEVICE_FAMILY = 1;
			};
			name = Debug;
		};
		09058F4A21BF20D5001DE7E6 /* Release */ = {
			isa = XCBuildConfiguration;
			baseConfigurationReference = 52363D6E742BFA0D295E3535 /* Pods-InstagramApplication.release.xcconfig */;
			buildSettings = {
				ASSETCATALOG_COMPILER_APPICON_NAME = AppIcon;
				CLANG_ENABLE_MODULES = YES;
				CODE_SIGN_STYLE = Automatic;
				DEVELOPMENT_TEAM = C5386B85X9;
				INFOPLIST_FILE = InstagramApplication/Info.plist;
				IPHONEOS_DEPLOYMENT_TARGET = 11.4;
				LD_RUNPATH_SEARCH_PATHS = (
					"$(inherited)",
					"@executable_path/Frameworks",
				);
				NEW_SETTING = "";
				PRODUCT_BUNDLE_IDENTIFIER = app.InstagramApplication;
				PRODUCT_NAME = "$(TARGET_NAME)";
				SWIFT_ENA = NO;
				SWIFT_ENABLE_BATCH_MODE = NO;
				SWIFT_OBJC_BRIDGING_HEADER = "Model/InstagramApplication-Bridging-Header.h";
				SWIFT_VERSION = 4.2;
				TARGETED_DEVICE_FAMILY = 1;
			};
			name = Release;
		};
/* End XCBuildConfiguration section */

/* Begin XCConfigurationList section */
		09058F3121BF20D3001DE7E6 /* Build configuration list for PBXProject "InstagramApplication" */ = {
			isa = XCConfigurationList;
			buildConfigurations = (
				09058F4621BF20D5001DE7E6 /* Debug */,
				09058F4721BF20D5001DE7E6 /* Release */,
			);
			defaultConfigurationIsVisible = 0;
			defaultConfigurationName = Release;
		};
		09058F4821BF20D5001DE7E6 /* Build configuration list for PBXNativeTarget "InstagramApplication" */ = {
			isa = XCConfigurationList;
			buildConfigurations = (
				09058F4921BF20D5001DE7E6 /* Debug */,
				09058F4A21BF20D5001DE7E6 /* Release */,
			);
			defaultConfigurationIsVisible = 0;
			defaultConfigurationName = Release;
		};
/* End XCConfigurationList section */
	};
	rootObject = 09058F2E21BF20D3001DE7E6 /* Project object */;
}
